{
    "version": 3,
    "terraform_version": "0.11.7",
    "serial": 4,
    "lineage": "3171ea67-603e-9f93-7884-ebac1e3420ed",
    "modules": [
        {
            "path": [
                "root"
            ],
            "outputs": {},
            "resources": {
                "aws_subnet.prv-subnets.0": {
                    "type": "aws_subnet",
                    "depends_on": [
                        "aws_vpc.panasonic",
                        "data.aws_availability_zones.azs"
                    ],
                    "primary": {
                        "id": "subnet-0222d8bea989181b1",
                        "attributes": {
                            "arn": "arn:aws:ec2:us-east-1:058003176618:subnet/subnet-0222d8bea989181b1",
                            "assign_ipv6_address_on_creation": "false",
                            "availability_zone": "us-east-1a",
                            "availability_zone_id": "use1-az1",
                            "cidr_block": "172.16.7.0/24",
                            "id": "subnet-0222d8bea989181b1",
                            "ipv6_cidr_block": "",
                            "ipv6_cidr_block_association_id": "",
                            "map_public_ip_on_launch": "false",
                            "owner_id": "058003176618",
                            "tags.%": "1",
                            "tags.Name": "PRIV-Subnet-1",
                            "vpc_id": "vpc-0a3cf01aa9791c571"
                        },
                        "meta": {
                            "e2bfb730-ecaa-11e6-8f88-34363bc7c4c0": {
                                "create": 600000000000,
                                "delete": 600000000000
                            },
                            "schema_version": "1"
                        },
                        "tainted": false
                    },
                    "deposed": [],
                    "provider": "provider.aws"
                },
                "aws_subnet.prv-subnets.1": {
                    "type": "aws_subnet",
                    "depends_on": [
                        "aws_vpc.panasonic",
                        "data.aws_availability_zones.azs"
                    ],
                    "primary": {
                        "id": "subnet-0007427321b7441fb",
                        "attributes": {
                            "arn": "arn:aws:ec2:us-east-1:058003176618:subnet/subnet-0007427321b7441fb",
                            "assign_ipv6_address_on_creation": "false",
                            "availability_zone": "us-east-1b",
                            "availability_zone_id": "use1-az2",
                            "cidr_block": "172.16.8.0/24",
                            "id": "subnet-0007427321b7441fb",
                            "ipv6_cidr_block": "",
                            "ipv6_cidr_block_association_id": "",
                            "map_public_ip_on_launch": "false",
                            "owner_id": "058003176618",
                            "tags.%": "1",
                            "tags.Name": "PRIV-Subnet-2",
                            "vpc_id": "vpc-0a3cf01aa9791c571"
                        },
                        "meta": {
                            "e2bfb730-ecaa-11e6-8f88-34363bc7c4c0": {
                                "create": 600000000000,
                                "delete": 600000000000
                            },
                            "schema_version": "1"
                        },
                        "tainted": false
                    },
                    "deposed": [],
                    "provider": "provider.aws"
                },
                "aws_subnet.prv-subnets.2": {
                    "type": "aws_subnet",
                    "depends_on": [
                        "aws_vpc.panasonic",
                        "data.aws_availability_zones.azs"
                    ],
                    "primary": {
                        "id": "subnet-0acd8c0752752584f",
                        "attributes": {
                            "arn": "arn:aws:ec2:us-east-1:058003176618:subnet/subnet-0acd8c0752752584f",
                            "assign_ipv6_address_on_creation": "false",
                            "availability_zone": "us-east-1c",
                            "availability_zone_id": "use1-az4",
                            "cidr_block": "172.16.9.0/24",
                            "id": "subnet-0acd8c0752752584f",
                            "ipv6_cidr_block": "",
                            "ipv6_cidr_block_association_id": "",
                            "map_public_ip_on_launch": "false",
                            "owner_id": "058003176618",
                            "tags.%": "1",
                            "tags.Name": "PRIV-Subnet-3",
                            "vpc_id": "vpc-0a3cf01aa9791c571"
                        },
                        "meta": {
                            "e2bfb730-ecaa-11e6-8f88-34363bc7c4c0": {
                                "create": 600000000000,
                                "delete": 600000000000
                            },
                            "schema_version": "1"
                        },
                        "tainted": false
                    },
                    "deposed": [],
                    "provider": "provider.aws"
                },
                "aws_subnet.prv-subnets.3": {
                    "type": "aws_subnet",
                    "depends_on": [
                        "aws_vpc.panasonic",
                        "data.aws_availability_zones.azs"
                    ],
                    "primary": {
                        "id": "subnet-0e8966c7488ee0cc9",
                        "attributes": {
                            "arn": "arn:aws:ec2:us-east-1:058003176618:subnet/subnet-0e8966c7488ee0cc9",
                            "assign_ipv6_address_on_creation": "false",
                            "availability_zone": "us-east-1d",
                            "availability_zone_id": "use1-az6",
                            "cidr_block": "172.16.10.0/24",
                            "id": "subnet-0e8966c7488ee0cc9",
                            "ipv6_cidr_block": "",
                            "ipv6_cidr_block_association_id": "",
                            "map_public_ip_on_launch": "false",
                            "owner_id": "058003176618",
                            "tags.%": "1",
                            "tags.Name": "PRIV-Subnet-4",
                            "vpc_id": "vpc-0a3cf01aa9791c571"
                        },
                        "meta": {
                            "e2bfb730-ecaa-11e6-8f88-34363bc7c4c0": {
                                "create": 600000000000,
                                "delete": 600000000000
                            },
                            "schema_version": "1"
                        },
                        "tainted": false
                    },
                    "deposed": [],
                    "provider": "provider.aws"
                },
                "aws_subnet.prv-subnets.4": {
                    "type": "aws_subnet",
                    "depends_on": [
                        "aws_vpc.panasonic",
                        "data.aws_availability_zones.azs"
                    ],
                    "primary": {
                        "id": "subnet-0263319c975b3cf2f",
                        "attributes": {
                            "arn": "arn:aws:ec2:us-east-1:058003176618:subnet/subnet-0263319c975b3cf2f",
                            "assign_ipv6_address_on_creation": "false",
                            "availability_zone": "us-east-1e",
                            "availability_zone_id": "use1-az3",
                            "cidr_block": "172.16.11.0/24",
                            "id": "subnet-0263319c975b3cf2f",
                            "ipv6_cidr_block": "",
                            "ipv6_cidr_block_association_id": "",
                            "map_public_ip_on_launch": "false",
                            "owner_id": "058003176618",
                            "tags.%": "1",
                            "tags.Name": "PRIV-Subnet-5",
                            "vpc_id": "vpc-0a3cf01aa9791c571"
                        },
                        "meta": {
                            "e2bfb730-ecaa-11e6-8f88-34363bc7c4c0": {
                                "create": 600000000000,
                                "delete": 600000000000
                            },
                            "schema_version": "1"
                        },
                        "tainted": false
                    },
                    "deposed": [],
                    "provider": "provider.aws"
                },
                "aws_subnet.prv-subnets.5": {
                    "type": "aws_subnet",
                    "depends_on": [
                        "aws_vpc.panasonic",
                        "data.aws_availability_zones.azs"
                    ],
                    "primary": {
                        "id": "subnet-0c69ae8d9ddccffbf",
                        "attributes": {
                            "arn": "arn:aws:ec2:us-east-1:058003176618:subnet/subnet-0c69ae8d9ddccffbf",
                            "assign_ipv6_address_on_creation": "false",
                            "availability_zone": "us-east-1f",
                            "availability_zone_id": "use1-az5",
                            "cidr_block": "172.16.12.0/24",
                            "id": "subnet-0c69ae8d9ddccffbf",
                            "ipv6_cidr_block": "",
                            "ipv6_cidr_block_association_id": "",
                            "map_public_ip_on_launch": "false",
                            "owner_id": "058003176618",
                            "tags.%": "1",
                            "tags.Name": "PRIV-Subnet-6",
                            "vpc_id": "vpc-0a3cf01aa9791c571"
                        },
                        "meta": {
                            "e2bfb730-ecaa-11e6-8f88-34363bc7c4c0": {
                                "create": 600000000000,
                                "delete": 600000000000
                            },
                            "schema_version": "1"
                        },
                        "tainted": false
                    },
                    "deposed": [],
                    "provider": "provider.aws"
                },
                "aws_subnet.pub-subnets.0": {
                    "type": "aws_subnet",
                    "depends_on": [
                        "aws_vpc.panasonic",
                        "data.aws_availability_zones.azs"
                    ],
                    "primary": {
                        "id": "subnet-0dbbb02ec79c3fcca",
                        "attributes": {
                            "arn": "arn:aws:ec2:us-east-1:058003176618:subnet/subnet-0dbbb02ec79c3fcca",
                            "assign_ipv6_address_on_creation": "false",
                            "availability_zone": "us-east-1a",
                            "availability_zone_id": "use1-az1",
                            "cidr_block": "172.16.1.0/24",
                            "id": "subnet-0dbbb02ec79c3fcca",
                            "ipv6_cidr_block": "",
                            "ipv6_cidr_block_association_id": "",
                            "map_public_ip_on_launch": "true",
                            "owner_id": "058003176618",
                            "tags.%": "1",
                            "tags.Name": "PUB-Subnet-1",
                            "vpc_id": "vpc-0a3cf01aa9791c571"
                        },
                        "meta": {
                            "e2bfb730-ecaa-11e6-8f88-34363bc7c4c0": {
                                "create": 600000000000,
                                "delete": 600000000000
                            },
                            "schema_version": "1"
                        },
                        "tainted": false
                    },
                    "deposed": [],
                    "provider": "provider.aws"
                },
                "aws_subnet.pub-subnets.1": {
                    "type": "aws_subnet",
                    "depends_on": [
                        "aws_vpc.panasonic",
                        "data.aws_availability_zones.azs"
                    ],
                    "primary": {
                        "id": "subnet-0ad0bd79a1264afa5",
                        "attributes": {
                            "arn": "arn:aws:ec2:us-east-1:058003176618:subnet/subnet-0ad0bd79a1264afa5",
                            "assign_ipv6_address_on_creation": "false",
                            "availability_zone": "us-east-1b",
                            "availability_zone_id": "use1-az2",
                            "cidr_block": "172.16.2.0/24",
                            "id": "subnet-0ad0bd79a1264afa5",
                            "ipv6_cidr_block": "",
                            "ipv6_cidr_block_association_id": "",
                            "map_public_ip_on_launch": "true",
                            "owner_id": "058003176618",
                            "tags.%": "1",
                            "tags.Name": "PUB-Subnet-2",
                            "vpc_id": "vpc-0a3cf01aa9791c571"
                        },
                        "meta": {
                            "e2bfb730-ecaa-11e6-8f88-34363bc7c4c0": {
                                "create": 600000000000,
                                "delete": 600000000000
                            },
                            "schema_version": "1"
                        },
                        "tainted": false
                    },
                    "deposed": [],
                    "provider": "provider.aws"
                },
                "aws_subnet.pub-subnets.2": {
                    "type": "aws_subnet",
                    "depends_on": [
                        "aws_vpc.panasonic",
                        "data.aws_availability_zones.azs"
                    ],
                    "primary": {
                        "id": "subnet-0b6a9e5562ca68af6",
                        "attributes": {
                            "arn": "arn:aws:ec2:us-east-1:058003176618:subnet/subnet-0b6a9e5562ca68af6",
                            "assign_ipv6_address_on_creation": "false",
                            "availability_zone": "us-east-1c",
                            "availability_zone_id": "use1-az4",
                            "cidr_block": "172.16.3.0/24",
                            "id": "subnet-0b6a9e5562ca68af6",
                            "ipv6_cidr_block": "",
                            "ipv6_cidr_block_association_id": "",
                            "map_public_ip_on_launch": "true",
                            "owner_id": "058003176618",
                            "tags.%": "1",
                            "tags.Name": "PUB-Subnet-3",
                            "vpc_id": "vpc-0a3cf01aa9791c571"
                        },
                        "meta": {
                            "e2bfb730-ecaa-11e6-8f88-34363bc7c4c0": {
                                "create": 600000000000,
                                "delete": 600000000000
                            },
                            "schema_version": "1"
                        },
                        "tainted": false
                    },
                    "deposed": [],
                    "provider": "provider.aws"
                },
                "aws_subnet.pub-subnets.3": {
                    "type": "aws_subnet",
                    "depends_on": [
                        "aws_vpc.panasonic",
                        "data.aws_availability_zones.azs"
                    ],
                    "primary": {
                        "id": "subnet-0adb7a980704db4a7",
                        "attributes": {
                            "arn": "arn:aws:ec2:us-east-1:058003176618:subnet/subnet-0adb7a980704db4a7",
                            "assign_ipv6_address_on_creation": "false",
                            "availability_zone": "us-east-1d",
                            "availability_zone_id": "use1-az6",
                            "cidr_block": "172.16.4.0/24",
                            "id": "subnet-0adb7a980704db4a7",
                            "ipv6_cidr_block": "",
                            "ipv6_cidr_block_association_id": "",
                            "map_public_ip_on_launch": "true",
                            "owner_id": "058003176618",
                            "tags.%": "1",
                            "tags.Name": "PUB-Subnet-4",
                            "vpc_id": "vpc-0a3cf01aa9791c571"
                        },
                        "meta": {
                            "e2bfb730-ecaa-11e6-8f88-34363bc7c4c0": {
                                "create": 600000000000,
                                "delete": 600000000000
                            },
                            "schema_version": "1"
                        },
                        "tainted": false
                    },
                    "deposed": [],
                    "provider": "provider.aws"
                },
                "aws_subnet.pub-subnets.4": {
                    "type": "aws_subnet",
                    "depends_on": [
                        "aws_vpc.panasonic",
                        "data.aws_availability_zones.azs"
                    ],
                    "primary": {
                        "id": "subnet-02ef7f162a5872c63",
                        "attributes": {
                            "arn": "arn:aws:ec2:us-east-1:058003176618:subnet/subnet-02ef7f162a5872c63",
                            "assign_ipv6_address_on_creation": "false",
                            "availability_zone": "us-east-1e",
                            "availability_zone_id": "use1-az3",
                            "cidr_block": "172.16.5.0/24",
                            "id": "subnet-02ef7f162a5872c63",
                            "ipv6_cidr_block": "",
                            "ipv6_cidr_block_association_id": "",
                            "map_public_ip_on_launch": "true",
                            "owner_id": "058003176618",
                            "tags.%": "1",
                            "tags.Name": "PUB-Subnet-5",
                            "vpc_id": "vpc-0a3cf01aa9791c571"
                        },
                        "meta": {
                            "e2bfb730-ecaa-11e6-8f88-34363bc7c4c0": {
                                "create": 600000000000,
                                "delete": 600000000000
                            },
                            "schema_version": "1"
                        },
                        "tainted": false
                    },
                    "deposed": [],
                    "provider": "provider.aws"
                },
                "aws_subnet.pub-subnets.5": {
                    "type": "aws_subnet",
                    "depends_on": [
                        "aws_vpc.panasonic",
                        "data.aws_availability_zones.azs"
                    ],
                    "primary": {
                        "id": "subnet-00ce5a284eae3aab9",
                        "attributes": {
                            "arn": "arn:aws:ec2:us-east-1:058003176618:subnet/subnet-00ce5a284eae3aab9",
                            "assign_ipv6_address_on_creation": "false",
                            "availability_zone": "us-east-1f",
                            "availability_zone_id": "use1-az5",
                            "cidr_block": "172.16.6.0/24",
                            "id": "subnet-00ce5a284eae3aab9",
                            "ipv6_cidr_block": "",
                            "ipv6_cidr_block_association_id": "",
                            "map_public_ip_on_launch": "true",
                            "owner_id": "058003176618",
                            "tags.%": "1",
                            "tags.Name": "PUB-Subnet-6",
                            "vpc_id": "vpc-0a3cf01aa9791c571"
                        },
                        "meta": {
                            "e2bfb730-ecaa-11e6-8f88-34363bc7c4c0": {
                                "create": 600000000000,
                                "delete": 600000000000
                            },
                            "schema_version": "1"
                        },
                        "tainted": false
                    },
                    "deposed": [],
                    "provider": "provider.aws"
                },
                "aws_vpc.panasonic": {
                    "type": "aws_vpc",
                    "depends_on": [],
                    "primary": {
                        "id": "vpc-0a3cf01aa9791c571",
                        "attributes": {
                            "arn": "arn:aws:ec2:us-east-1:058003176618:vpc/vpc-0a3cf01aa9791c571",
                            "assign_generated_ipv6_cidr_block": "false",
                            "cidr_block": "172.16.0.0/16",
                            "default_network_acl_id": "acl-0e4266cb98d4a7a58",
                            "default_route_table_id": "rtb-09454feb2f0788720",
                            "default_security_group_id": "sg-0784787e35762aac1",
                            "dhcp_options_id": "dopt-76263f0e",
                            "enable_classiclink": "false",
                            "enable_classiclink_dns_support": "false",
                            "enable_dns_hostnames": "false",
                            "enable_dns_support": "true",
                            "id": "vpc-0a3cf01aa9791c571",
                            "instance_tenancy": "default",
                            "ipv6_association_id": "",
                            "ipv6_cidr_block": "",
                            "main_route_table_id": "rtb-09454feb2f0788720",
                            "owner_id": "058003176618",
                            "tags.%": "1",
                            "tags.Name": "Pansonic-DEV"
                        },
                        "meta": {
                            "schema_version": "1"
                        },
                        "tainted": false
                    },
                    "deposed": [],
                    "provider": "provider.aws"
                },
                "data.aws_availability_zones.azs": {
                    "type": "aws_availability_zones",
                    "depends_on": [],
                    "primary": {
                        "id": "2019-01-17 09:35:36.678059502 +0000 UTC",
                        "attributes": {
                            "id": "2019-01-17 09:35:36.678059502 +0000 UTC",
                            "names.#": "6",
                            "names.0": "us-east-1a",
                            "names.1": "us-east-1b",
                            "names.2": "us-east-1c",
                            "names.3": "us-east-1d",
                            "names.4": "us-east-1e",
                            "names.5": "us-east-1f",
                            "zone_ids.#": "6",
                            "zone_ids.0": "use1-az1",
                            "zone_ids.1": "use1-az2",
                            "zone_ids.2": "use1-az4",
                            "zone_ids.3": "use1-az6",
                            "zone_ids.4": "use1-az3",
                            "zone_ids.5": "use1-az5"
                        },
                        "meta": {},
                        "tainted": false
                    },
                    "deposed": [],
                    "provider": "provider.aws"
                }
            },
            "depends_on": []
        }
    ]
}
